// !$*UTF8*$!
{
	archiveVersion = 1;
	classes = {
	};
	objectVersion = 50;
	objects = {

/* Begin PBXBuildFile section */
		10DBAB13031652D273163947 /* Pods_ResizeImage.framework in Frameworks */ = {isa = PBXBuildFile; fileRef = 9F5DEFC5C3EA717AAE1FBEB8 /* Pods_ResizeImage.framework */; };
		49B8F17A222CDBEC00FE6177 /* AppDelegate.swift in Sources */ = {isa = PBXBuildFile; fileRef = 49B8F179222CDBEC00FE6177 /* AppDelegate.swift */; };
		49B8F17C222CDBEC00FE6177 /* ViewController.swift in Sources */ = {isa = PBXBuildFile; fileRef = 49B8F17B222CDBEC00FE6177 /* ViewController.swift */; };
		49B8F17F222CDBEC00FE6177 /* Main.storyboard in Resources */ = {isa = PBXBuildFile; fileRef = 49B8F17D222CDBEC00FE6177 /* Main.storyboard */; };
		49B8F181222CDBEF00FE6177 /* Assets.xcassets in Resources */ = {isa = PBXBuildFile; fileRef = 49B8F180222CDBEF00FE6177 /* Assets.xcassets */; };
		49B8F184222CDBEF00FE6177 /* LaunchScreen.storyboard in Resources */ = {isa = PBXBuildFile; fileRef = 49B8F182222CDBEF00FE6177 /* LaunchScreen.storyboard */; };
		49B8F18F222CDBEF00FE6177 /* ResizeImageTests.swift in Sources */ = {isa = PBXBuildFile; fileRef = 49B8F18E222CDBEF00FE6177 /* ResizeImageTests.swift */; };
		736CC0E8CD35A2EEE005EA0F /* Pods_ResizeImageTests.framework in Frameworks */ = {isa = PBXBuildFile; fileRef = 91D6689EEED838DE74512006 /* Pods_ResizeImageTests.framework */; };
/* End PBXBuildFile section */

/* Begin PBXContainerItemProxy section */
		49B8F18B222CDBEF00FE6177 /* PBXContainerItemProxy */ = {
			isa = PBXContainerItemProxy;
			containerPortal = 49B8F16E222CDBEC00FE6177 /* Project object */;
			proxyType = 1;
			remoteGlobalIDString = 49B8F175222CDBEC00FE6177;
			remoteInfo = ResizeImage;
		};
/* End PBXContainerItemProxy section */

/* Begin PBXFileReference section */
		35C4C040E78E93782F2D73B7 /* Pods-ResizeImageTests.release.xcconfig */ = {isa = PBXFileReference; includeInIndex = 1; lastKnownFileType = text.xcconfig; name = "Pods-ResizeImageTests.release.xcconfig"; path = "Pods/Target Support Files/Pods-ResizeImageTests/Pods-ResizeImageTests.release.xcconfig"; sourceTree = "<group>"; };
		49B8F176222CDBEC00FE6177 /* ResizeImage.app */ = {isa = PBXFileReference; explicitFileType = wrapper.application; includeInIndex = 0; path = ResizeImage.app; sourceTree = BUILT_PRODUCTS_DIR; };
		49B8F179222CDBEC00FE6177 /* AppDelegate.swift */ = {isa = PBXFileReference; lastKnownFileType = sourcecode.swift; path = AppDelegate.swift; sourceTree = "<group>"; };
		49B8F17B222CDBEC00FE6177 /* ViewController.swift */ = {isa = PBXFileReference; lastKnownFileType = sourcecode.swift; path = ViewController.swift; sourceTree = "<group>"; };
		49B8F17E222CDBEC00FE6177 /* Base */ = {isa = PBXFileReference; lastKnownFileType = file.storyboard; name = Base; path = Base.lproj/Main.storyboard; sourceTree = "<group>"; };
		49B8F180222CDBEF00FE6177 /* Assets.xcassets */ = {isa = PBXFileReference; lastKnownFileType = folder.assetcatalog; path = Assets.xcassets; sourceTree = "<group>"; };
		49B8F183222CDBEF00FE6177 /* Base */ = {isa = PBXFileReference; lastKnownFileType = file.storyboard; name = Base; path = Base.lproj/LaunchScreen.storyboard; sourceTree = "<group>"; };
		49B8F185222CDBEF00FE6177 /* Info.plist */ = {isa = PBXFileReference; lastKnownFileType = text.plist.xml; path = Info.plist; sourceTree = "<group>"; };
		49B8F18A222CDBEF00FE6177 /* ResizeImageTests.xctest */ = {isa = PBXFileReference; explicitFileType = wrapper.cfbundle; includeInIndex = 0; path = ResizeImageTests.xctest; sourceTree = BUILT_PRODUCTS_DIR; };
		49B8F18E222CDBEF00FE6177 /* ResizeImageTests.swift */ = {isa = PBXFileReference; lastKnownFileType = sourcecode.swift; path = ResizeImageTests.swift; sourceTree = "<group>"; };
		49B8F190222CDBEF00FE6177 /* Info.plist */ = {isa = PBXFileReference; lastKnownFileType = text.plist.xml; path = Info.plist; sourceTree = "<group>"; };
		91D6689EEED838DE74512006 /* Pods_ResizeImageTests.framework */ = {isa = PBXFileReference; explicitFileType = wrapper.framework; includeInIndex = 0; path = Pods_ResizeImageTests.framework; sourceTree = BUILT_PRODUCTS_DIR; };
		9F5DEFC5C3EA717AAE1FBEB8 /* Pods_ResizeImage.framework */ = {isa = PBXFileReference; explicitFileType = wrapper.framework; includeInIndex = 0; path = Pods_ResizeImage.framework; sourceTree = BUILT_PRODUCTS_DIR; };
		A41B3D8A6A0DBBC1334660E8 /* Pods-ResizeImageTests.debug.xcconfig */ = {isa = PBXFileReference; includeInIndex = 1; lastKnownFileType = text.xcconfig; name = "Pods-ResizeImageTests.debug.xcconfig"; path = "Pods/Target Support Files/Pods-ResizeImageTests/Pods-ResizeImageTests.debug.xcconfig"; sourceTree = "<group>"; };
		ABCA24D5C7A52A345B464023 /* Pods-ResizeImage.debug.xcconfig */ = {isa = PBXFileReference; includeInIndex = 1; lastKnownFileType = text.xcconfig; name = "Pods-ResizeImage.debug.xcconfig"; path = "Pods/Target Support Files/Pods-ResizeImage/Pods-ResizeImage.debug.xcconfig"; sourceTree = "<group>"; };
		AE61F1A021AF586749749787 /* Pods-ResizeImage.release.xcconfig */ = {isa = PBXFileReference; includeInIndex = 1; lastKnownFileType = text.xcconfig; name = "Pods-ResizeImage.release.xcconfig"; path = "Pods/Target Support Files/Pods-ResizeImage/Pods-ResizeImage.release.xcconfig"; sourceTree = "<group>"; };
/* End PBXFileReference section */

/* Begin PBXFrameworksBuildPhase section */
		49B8F173222CDBEC00FE6177 /* Frameworks */ = {
			isa = PBXFrameworksBuildPhase;
			buildActionMask = 2147483647;
			files = (
				10DBAB13031652D273163947 /* Pods_ResizeImage.framework in Frameworks */,
			);
			runOnlyForDeploymentPostprocessing = 0;
		};
		49B8F187222CDBEF00FE6177 /* Frameworks */ = {
			isa = PBXFrameworksBuildPhase;
			buildActionMask = 2147483647;
			files = (
				736CC0E8CD35A2EEE005EA0F /* Pods_ResizeImageTests.framework in Frameworks */,
			);
			runOnlyForDeploymentPostprocessing = 0;
		};
/* End PBXFrameworksBuildPhase section */

/* Begin PBXGroup section */
		49B8F16D222CDBEC00FE6177 = {
			isa = PBXGroup;
			children = (
				49B8F178222CDBEC00FE6177 /* ResizeImage */,
				49B8F18D222CDBEF00FE6177 /* ResizeImageTests */,
				49B8F177222CDBEC00FE6177 /* Products */,
				C5D34A49B6E7245BC2723557 /* Pods */,
				A2B53227523D20980CBB724A /* Frameworks */,
			);
			sourceTree = "<group>";
		};
		49B8F177222CDBEC00FE6177 /* Products */ = {
			isa = PBXGroup;
			children = (
				49B8F176222CDBEC00FE6177 /* ResizeImage.app */,
				49B8F18A222CDBEF00FE6177 /* ResizeImageTests.xctest */,
			);
			name = Products;
			sourceTree = "<group>";
		};
		49B8F178222CDBEC00FE6177 /* ResizeImage */ = {
			isa = PBXGroup;
			children = (
				49B8F179222CDBEC00FE6177 /* AppDelegate.swift */,
				49B8F17B222CDBEC00FE6177 /* ViewController.swift */,
				49B8F17D222CDBEC00FE6177 /* Main.storyboard */,
				49B8F180222CDBEF00FE6177 /* Assets.xcassets */,
				49B8F182222CDBEF00FE6177 /* LaunchScreen.storyboard */,
				49B8F185222CDBEF00FE6177 /* Info.plist */,
			);
			path = ResizeImage;
			sourceTree = "<group>";
		};
		49B8F18D222CDBEF00FE6177 /* ResizeImageTests */ = {
			isa = PBXGroup;
			children = (
				49B8F18E222CDBEF00FE6177 /* ResizeImageTests.swift */,
				49B8F190222CDBEF00FE6177 /* Info.plist */,
			);
			path = ResizeImageTests;
			sourceTree = "<group>";
		};
		A2B53227523D20980CBB724A /* Frameworks */ = {
			isa = PBXGroup;
			children = (
				9F5DEFC5C3EA717AAE1FBEB8 /* Pods_ResizeImage.framework */,
				91D6689EEED838DE74512006 /* Pods_ResizeImageTests.framework */,
			);
			name = Frameworks;
			sourceTree = "<group>";
		};
		C5D34A49B6E7245BC2723557 /* Pods */ = {
			isa = PBXGroup;
			children = (
				ABCA24D5C7A52A345B464023 /* Pods-ResizeImage.debug.xcconfig */,
				AE61F1A021AF586749749787 /* Pods-ResizeImage.release.xcconfig */,
				A41B3D8A6A0DBBC1334660E8 /* Pods-ResizeImageTests.debug.xcconfig */,
				35C4C040E78E93782F2D73B7 /* Pods-ResizeImageTests.release.xcconfig */,
			);
			name = Pods;
			sourceTree = "<group>";
		};
/* End PBXGroup section */

/* Begin PBXNativeTarget section */
		49B8F175222CDBEC00FE6177 /* ResizeImage */ = {
			isa = PBXNativeTarget;
			buildConfigurationList = 49B8F193222CDBEF00FE6177 /* Build configuration list for PBXNativeTarget "ResizeImage" */;
			buildPhases = (
				C75AE381DC4C7038D56B3C95 /* [CP] Check Pods Manifest.lock */,
				49B8F172222CDBEC00FE6177 /* Sources */,
				49B8F173222CDBEC00FE6177 /* Frameworks */,
				49B8F174222CDBEC00FE6177 /* Resources */,
				21142E89B64129DB08A8862F /* [CP] Embed Pods Frameworks */,
			);
			buildRules = (
			);
			dependencies = (
			);
			name = ResizeImage;
			productName = ResizeImage;
			productReference = 49B8F176222CDBEC00FE6177 /* ResizeImage.app */;
			productType = "com.apple.product-type.application";
		};
		49B8F189222CDBEF00FE6177 /* ResizeImageTests */ = {
			isa = PBXNativeTarget;
			buildConfigurationList = 49B8F196222CDBEF00FE6177 /* Build configuration list for PBXNativeTarget "ResizeImageTests" */;
			buildPhases = (
				5C958EC8963F99DBFF3B01D7 /* [CP] Check Pods Manifest.lock */,
				49B8F186222CDBEF00FE6177 /* Sources */,
				49B8F187222CDBEF00FE6177 /* Frameworks */,
				49B8F188222CDBEF00FE6177 /* Resources */,
			);
			buildRules = (
			);
			dependencies = (
				49B8F18C222CDBEF00FE6177 /* PBXTargetDependency */,
			);
			name = ResizeImageTests;
			productName = ResizeImageTests;
			productReference = 49B8F18A222CDBEF00FE6177 /* ResizeImageTests.xctest */;
			productType = "com.apple.product-type.bundle.unit-test";
		};
/* End PBXNativeTarget section */

/* Begin PBXProject section */
		49B8F16E222CDBEC00FE6177 /* Project object */ = {
			isa = PBXProject;
			attributes = {
				LastSwiftUpdateCheck = 1010;
				LastUpgradeCheck = 1010;
				ORGANIZATIONNAME = "Andrew Romanov";
				TargetAttributes = {
					49B8F175222CDBEC00FE6177 = {
						CreatedOnToolsVersion = 10.1;
					};
					49B8F189222CDBEF00FE6177 = {
						CreatedOnToolsVersion = 10.1;
						TestTargetID = 49B8F175222CDBEC00FE6177;
					};
				};
			};
			buildConfigurationList = 49B8F171222CDBEC00FE6177 /* Build configuration list for PBXProject "ResizeImage" */;
			compatibilityVersion = "Xcode 9.3";
			developmentRegion = en;
			hasScannedForEncodings = 0;
			knownRegions = (
				en,
				Base,
			);
			mainGroup = 49B8F16D222CDBEC00FE6177;
			productRefGroup = 49B8F177222CDBEC00FE6177 /* Products */;
			projectDirPath = "";
			projectRoot = "";
			targets = (
				49B8F175222CDBEC00FE6177 /* ResizeImage */,
				49B8F189222CDBEF00FE6177 /* ResizeImageTests */,
			);
		};
/* End PBXProject section */

/* Begin PBXResourcesBuildPhase section */
		49B8F174222CDBEC00FE6177 /* Resources */ = {
			isa = PBXResourcesBuildPhase;
			buildActionMask = 2147483647;
			files = (
				49B8F184222CDBEF00FE6177 /* LaunchScreen.storyboard in Resources */,
				49B8F181222CDBEF00FE6177 /* Assets.xcassets in Resources */,
				49B8F17F222CDBEC00FE6177 /* Main.storyboard in Resources */,
			);
			runOnlyForDeploymentPostprocessing = 0;
		};
		49B8F188222CDBEF00FE6177 /* Resources */ = {
			isa = PBXResourcesBuildPhase;
			buildActionMask = 2147483647;
			files = (
			);
			runOnlyForDeploymentPostprocessing = 0;
		};
/* End PBXResourcesBuildPhase section */

/* Begin PBXShellScriptBuildPhase section */
		21142E89B64129DB08A8862F /* [CP] Embed Pods Frameworks */ = {
			isa = PBXShellScriptBuildPhase;
			buildActionMask = 2147483647;
			files = (
			);
			inputPaths = (
				"${SRCROOT}/Pods/Target Support Files/Pods-ResizeImage/Pods-ResizeImage-frameworks.sh",
				"${BUILT_PRODUCTS_DIR}/Macaw/Macaw.framework",
				"${BUILT_PRODUCTS_DIR}/SWXMLHash/SWXMLHash.framework",
			);
			name = "[CP] Embed Pods Frameworks";
			outputPaths = (
				"${TARGET_BUILD_DIR}/${FRAMEWORKS_FOLDER_PATH}/Macaw.framework",
				"${TARGET_BUILD_DIR}/${FRAMEWORKS_FOLDER_PATH}/SWXMLHash.framework",
			);
			runOnlyForDeploymentPostprocessing = 0;
			shellPath = /bin/sh;
			shellScript = "\"${SRCROOT}/Pods/Target Support Files/Pods-ResizeImage/Pods-ResizeImage-frameworks.sh\"\n";
			showEnvVarsInLog = 0;
		};
		5C958EC8963F99DBFF3B01D7 /* [CP] Check Pods Manifest.lock */ = {
			isa = PBXShellScriptBuildPhase;
			buildActionMask = 2147483647;
			files = (
			);
			inputPaths = (
				"${PODS_PODFILE_DIR_PATH}/Podfile.lock",
				"${PODS_ROOT}/Manifest.lock",
			);
			name = "[CP] Check Pods Manifest.lock";
			outputPaths = (
				"$(DERIVED_FILE_DIR)/Pods-ResizeImageTests-checkManifestLockResult.txt",
			);
			runOnlyForDeploymentPostprocessing = 0;
			shellPath = /bin/sh;
			shellScript = "diff \"${PODS_PODFILE_DIR_PATH}/Podfile.lock\" \"${PODS_ROOT}/Manifest.lock\" > /dev/null\nif [ $? != 0 ] ; then\n    # print error to STDERR\n    echo \"error: The sandbox is not in sync with the Podfile.lock. Run 'pod install' or update your CocoaPods installation.\" >&2\n    exit 1\nfi\n# This output is used by Xcode 'outputs' to avoid re-running this script phase.\necho \"SUCCESS\" > \"${SCRIPT_OUTPUT_FILE_0}\"\n";
			showEnvVarsInLog = 0;
		};
		C75AE381DC4C7038D56B3C95 /* [CP] Check Pods Manifest.lock */ = {
			isa = PBXShellScriptBuildPhase;
			buildActionMask = 2147483647;
			files = (
			);
			inputPaths = (
				"${PODS_PODFILE_DIR_PATH}/Podfile.lock",
				"${PODS_ROOT}/Manifest.lock",
			);
			name = "[CP] Check Pods Manifest.lock";
			outputPaths = (
				"$(DERIVED_FILE_DIR)/Pods-ResizeImage-checkManifestLockResult.txt",
			);
			runOnlyForDeploymentPostprocessing = 0;
			shellPath = /bin/sh;
			shellScript = "diff \"${PODS_PODFILE_DIR_PATH}/Podfile.lock\" \"${PODS_ROOT}/Manifest.lock\" > /dev/null\nif [ $? != 0 ] ; then\n    # print error to STDERR\n    echo \"error: The sandbox is not in sync with the Podfile.lock. Run 'pod install' or update your CocoaPods installation.\" >&2\n    exit 1\nfi\n# This output is used by Xcode 'outputs' to avoid re-running this script phase.\necho \"SUCCESS\" > \"${SCRIPT_OUTPUT_FILE_0}\"\n";
			showEnvVarsInLog = 0;
		};
/* End PBXShellScriptBuildPhase section */

/* Begin PBXSourcesBuildPhase section */
		49B8F172222CDBEC00FE6177 /* Sources */ = {
			isa = PBXSourcesBuildPhase;
			buildActionMask = 2147483647;
			files = (
				49B8F17C222CDBEC00FE6177 /* ViewController.swift in Sources */,
				49B8F17A222CDBEC00FE6177 /* AppDelegate.swift in Sources */,
			);
			runOnlyForDeploymentPostprocessing = 0;
		};
		49B8F186222CDBEF00FE6177 /* Sources */ = {
			isa = PBXSourcesBuildPhase;
			buildActionMask = 2147483647;
			files = (
				49B8F18F222CDBEF00FE6177 /* ResizeImageTests.swift in Sources */,
			);
			runOnlyForDeploymentPostprocessing = 0;
		};
/* End PBXSourcesBuildPhase section */

/* Begin PBXTargetDependency section */
		49B8F18C222CDBEF00FE6177 /* PBXTargetDependency */ = {
			isa = PBXTargetDependency;
			target = 49B8F175222CDBEC00FE6177 /* ResizeImage */;
			targetProxy = 49B8F18B222CDBEF00FE6177 /* PBXContainerItemProxy */;
		};
/* End PBXTargetDependency section */

/* Begin PBXVariantGroup section */
		49B8F17D222CDBEC00FE6177 /* Main.storyboard */ = {
			isa = PBXVariantGroup;
			children = (
				49B8F17E222CDBEC00FE6177 /* Base */,
			);
			name = Main.storyboard;
			sourceTree = "<group>";
		};
		49B8F182222CDBEF00FE6177 /* LaunchScreen.storyboard */ = {
			isa = PBXVariantGroup;
			children = (
				49B8F183222CDBEF00FE6177 /* Base */,
			);
			name = LaunchScreen.storyboard;
			sourceTree = "<group>";
		};
/* End PBXVariantGroup section */

/* Begin XCBuildConfiguration section */
		49B8F191222CDBEF00FE6177 /* Debug */ = {
			isa = XCBuildConfiguration;
			buildSettings = {
				ALWAYS_SEARCH_USER_PATHS = NO;
				CLANG_ANALYZER_NONNULL = YES;
				CLANG_ANALYZER_NUMBER_OBJECT_CONVERSION = YES_AGGRESSIVE;
				CLANG_CXX_LANGUAGE_STANDARD = "gnu++14";
				CLANG_CXX_LIBRARY = "libc++";
				CLANG_ENABLE_MODULES = YES;
				CLANG_ENABLE_OBJC_ARC = YES;
				CLANG_ENABLE_OBJC_WEAK = YES;
				CLANG_WARN_BLOCK_CAPTURE_AUTORELEASING = YES;
				CLANG_WARN_BOOL_CONVERSION = YES;
				CLANG_WARN_COMMA = YES;
				CLANG_WARN_CONSTANT_CONVERSION = YES;
				CLANG_WARN_DEPRECATED_OBJC_IMPLEMENTATIONS = YES;
				CLANG_WARN_DIRECT_OBJC_ISA_USAGE = YES_ERROR;
				CLANG_WARN_DOCUMENTATION_COMMENTS = YES;
				CLANG_WARN_EMPTY_BODY = YES;
				CLANG_WARN_ENUM_CONVERSION = YES;
				CLANG_WARN_INFINITE_RECURSION = YES;
				CLANG_WARN_INT_CONVERSION = YES;
				CLANG_WARN_NON_LITERAL_NULL_CONVERSION = YES;
				CLANG_WARN_OBJC_IMPLICIT_RETAIN_SELF = YES;
				CLANG_WARN_OBJC_LITERAL_CONVERSION = YES;
				CLANG_WARN_OBJC_ROOT_CLASS = YES_ERROR;
				CLANG_WARN_RANGE_LOOP_ANALYSIS = YES;
				CLANG_WARN_STRICT_PROTOTYPES = YES;
				CLANG_WARN_SUSPICIOUS_MOVE = YES;
				CLANG_WARN_UNGUARDED_AVAILABILITY = YES_AGGRESSIVE;
				CLANG_WARN_UNREACHABLE_CODE = YES;
				CLANG_WARN__DUPLICATE_METHOD_MATCH = YES;
				CODE_SIGN_IDENTITY = "iPhone Developer";
				COPY_PHASE_STRIP = NO;
				DEBUG_INFORMATION_FORMAT = dwarf;
				ENABLE_STRICT_OBJC_MSGSEND = YES;
				ENABLE_TESTABILITY = YES;
				GCC_C_LANGUAGE_STANDARD = gnu11;
				GCC_DYNAMIC_NO_PIC = NO;
				GCC_NO_COMMON_BLOCKS = YES;
				GCC_OPTIMIZATION_LEVEL = 0;
				GCC_PREPROCESSOR_DEFINITIONS = (
					"DEBUG=1",
					"$(inherited)",
				);
				GCC_WARN_64_TO_32_BIT_CONVERSION = YES;
				GCC_WARN_ABOUT_RETURN_TYPE = YES_ERROR;
				GCC_WARN_UNDECLARED_SELECTOR = YES;
				GCC_WARN_UNINITIALIZED_AUTOS = YES_AGGRESSIVE;
				GCC_WARN_UNUSED_FUNCTION = YES;
				GCC_WARN_UNUSED_VARIABLE = YES;
				IPHONEOS_DEPLOYMENT_TARGET = 12.1;
				MTL_ENABLE_DEBUG_INFO = INCLUDE_SOURCE;
				MTL_FAST_MATH = YES;
				ONLY_ACTIVE_ARCH = YES;
				SDKROOT = iphoneos;
				SWIFT_ACTIVE_COMPILATION_CONDITIONS = DEBUG;
				SWIFT_OPTIMIZATION_LEVEL = "-Onone";
			};
			name = Debug;
		};
		49B8F192222CDBEF00FE6177 /* Release */ = {
			isa = XCBuildConfiguration;
			buildSettings = {
				ALWAYS_SEARCH_USER_PATHS = NO;
				CLANG_ANALYZER_NONNULL = YES;
				CLANG_ANALYZER_NUMBER_OBJECT_CONVERSION = YES_AGGRESSIVE;
				CLANG_CXX_LANGUAGE_STANDARD = "gnu++14";
				CLANG_CXX_LIBRARY = "libc++";
				CLANG_ENABLE_MODULES = YES;
				CLANG_ENABLE_OBJC_ARC = YES;
				CLANG_ENABLE_OBJC_WEAK = YES;
				CLANG_WARN_BLOCK_CAPTURE_AUTORELEASING = YES;
				CLANG_WARN_BOOL_CONVERSION = YES;
				CLANG_WARN_COMMA = YES;
				CLANG_WARN_CONSTANT_CONVERSION = YES;
				CLANG_WARN_DEPRECATED_OBJC_IMPLEMENTATIONS = YES;
				CLANG_WARN_DIRECT_OBJC_ISA_USAGE = YES_ERROR;
				CLANG_WARN_DOCUMENTATION_COMMENTS = YES;
				CLANG_WARN_EMPTY_BODY = YES;
				CLANG_WARN_ENUM_CONVERSION = YES;
				CLANG_WARN_INFINITE_RECURSION = YES;
				CLANG_WARN_INT_CONVERSION = YES;
				CLANG_WARN_NON_LITERAL_NULL_CONVERSION = YES;
				CLANG_WARN_OBJC_IMPLICIT_RETAIN_SELF = YES;
				CLANG_WARN_OBJC_LITERAL_CONVERSION = YES;
				CLANG_WARN_OBJC_ROOT_CLASS = YES_ERROR;
				CLANG_WARN_RANGE_LOOP_ANALYSIS = YES;
				CLANG_WARN_STRICT_PROTOTYPES = YES;
				CLANG_WARN_SUSPICIOUS_MOVE = YES;
				CLANG_WARN_UNGUARDED_AVAILABILITY = YES_AGGRESSIVE;
				CLANG_WARN_UNREACHABLE_CODE = YES;
				CLANG_WARN__DUPLICATE_METHOD_MATCH = YES;
				CODE_SIGN_IDENTITY = "iPhone Developer";
				COPY_PHASE_STRIP = NO;
				DEBUG_INFORMATION_FORMAT = "dwarf-with-dsym";
				ENABLE_NS_ASSERTIONS = NO;
				ENABLE_STRICT_OBJC_MSGSEND = YES;
				GCC_C_LANGUAGE_STANDARD = gnu11;
				GCC_NO_COMMON_BLOCKS = YES;
				GCC_WARN_64_TO_32_BIT_CONVERSION = YES;
				GCC_WARN_ABOUT_RETURN_TYPE = YES_ERROR;
				GCC_WARN_UNDECLARED_SELECTOR = YES;
				GCC_WARN_UNINITIALIZED_AUTOS = YES_AGGRESSIVE;
				GCC_WARN_UNUSED_FUNCTION = YES;
				GCC_WARN_UNUSED_VARIABLE = YES;
				IPHONEOS_DEPLOYMENT_TARGET = 12.1;
				MTL_ENABLE_DEBUG_INFO = NO;
				MTL_FAST_MATH = YES;
				SDKROOT = iphoneos;
				SWIFT_COMPILATION_MODE = wholemodule;
				SWIFT_OPTIMIZATION_LEVEL = "-O";
				VALIDATE_PRODUCT = YES;
			};
			name = Release;
		};
		49B8F194222CDBEF00FE6177 /* Debug */ = {
			isa = XCBuildConfiguration;
			baseConfigurationReference = ABCA24D5C7A52A345B464023 /* Pods-ResizeImage.debug.xcconfig */;
			buildSettings = {
				ASSETCATALOG_COMPILER_APPICON_NAME = AppIcon;
				CODE_SIGN_STYLE = Automatic;
				DEVELOPMENT_TEAM = 25WDLLAK34;
				INFOPLIST_FILE = ResizeImage/Info.plist;
				LD_RUNPATH_SEARCH_PATHS = "$(inherited) @executable_path/Frameworks";
				PRODUCT_BUNDLE_IDENTIFIER = com.rav.ResizeImage;
				PRODUCT_NAME = "$(TARGET_NAME)";
				SWIFT_VERSION = 4.2;
				TARGETED_DEVICE_FAMILY = "1,2";
			};
			name = Debug;
		};
		49B8F195222CDBEF00FE6177 /* Release */ = {
			isa = XCBuildConfiguration;
			baseConfigurationReference = AE61F1A021AF586749749787 /* Pods-ResizeImage.release.xcconfig */;
			buildSettings = {
				ASSETCATALOG_COMPILER_APPICON_NAME = AppIcon;
				CODE_SIGN_STYLE = Automatic;
				DEVELOPMENT_TEAM = 25WDLLAK34;
				INFOPLIST_FILE = ResizeImage/Info.plist;
				LD_RUNPATH_SEARCH_PATHS = "$(inherited) @executable_path/Frameworks";
				PRODUCT_BUNDLE_IDENTIFIER = com.rav.ResizeImage;
				PRODUCT_NAME = "$(TARGET_NAME)";
				SWIFT_VERSION = 4.2;
				TARGETED_DEVICE_FAMILY = "1,2";
			};
			name = Release;
		};
		49B8F197222CDBEF00FE6177 /* Debug */ = {
			isa = XCBuildConfiguration;
			baseConfigurationReference = A41B3D8A6A0DBBC1334660E8 /* Pods-ResizeImageTests.debug.xcconfig */;
			buildSettings = {
				ALWAYS_EMBED_SWIFT_STANDARD_LIBRARIES = YES;
				BUNDLE_LOADER = "$(TEST_HOST)";
				CODE_SIGN_STYLE = Automatic;
				DEVELOPMENT_TEAM = 25WDLLAK34;
				INFOPLIST_FILE = ResizeImageTests/Info.plist;
				LD_RUNPATH_SEARCH_PATHS = "$(inherited) @executable_path/Frameworks @loader_path/Frameworks";
				PRODUCT_BUNDLE_IDENTIFIER = com.rav.ResizeImageTests;
				PRODUCT_NAME = "$(TARGET_NAME)";
				SWIFT_VERSION = 4.2;
				TARGETED_DEVICE_FAMILY = "1,2";
				TEST_HOST = "$(BUILT_PRODUCTS_DIR)/ResizeImage.app/ResizeImage";
			};
			name = Debug;
		};
		49B8F198222CDBEF00FE6177 /* Release */ = {
			isa = XCBuildConfiguration;
			baseConfigurationReference = 35C4C040E78E93782F2D73B7 /* Pods-ResizeImageTests.release.xcconfig */;
			buildSettings = {
				ALWAYS_EMBED_SWIFT_STANDARD_LIBRARIES = YES;
				BUNDLE_LOADER = "$(TEST_HOST)";
				CODE_SIGN_STYLE = Automatic;
				DEVELOPMENT_TEAM = 25WDLLAK34;
				INFOPLIST_FILE = ResizeImageTests/Info.plist;
				LD_RUNPATH_SEARCH_PATHS = "$(inherited) @executable_path/Frameworks @loader_path/Frameworks";
				PRODUCT_BUNDLE_IDENTIFIER = com.rav.ResizeImageTests;
				PRODUCT_NAME = "$(TARGET_NAME)";
				SWIFT_VERSION = 4.2;
				TARGETED_DEVICE_FAMILY = "1,2";
				TEST_HOST = "$(BUILT_PRODUCTS_DIR)/ResizeImage.app/ResizeImage";
			};
			name = Release;
		};
/* End XCBuildConfiguration section */

/* Begin XCConfigurationList section */
		49B8F171222CDBEC00FE6177 /* Build configuration list for PBXProject "ResizeImage" */ = {
			isa = XCConfigurationList;
			buildConfigurations = (
				49B8F191222CDBEF00FE6177 /* Debug */,
				49B8F192222CDBEF00FE6177 /* Release */,
			);
			defaultConfigurationIsVisible = 0;
			defaultConfigurationName = Release;
		};
		49B8F193222CDBEF00FE6177 /* Build configuration list for PBXNativeTarget "ResizeImage" */ = {
			isa = XCConfigurationList;
			buildConfigurations = (
				49B8F194222CDBEF00FE6177 /* Debug */,
				49B8F195222CDBEF00FE6177 /* Release */,
			);
			defaultConfigurationIsVisible = 0;
			defaultConfigurationName = Release;
		};
		49B8F196222CDBEF00FE6177 /* Build configuration list for PBXNativeTarget "ResizeImageTests" */ = {
			isa = XCConfigurationList;
			buildConfigurations = (
				49B8F197222CDBEF00FE6177 /* Debug */,
				49B8F198222CDBEF00FE6177 /* Release */,
			);
			defaultConfigurationIsVisible = 0;
			defaultConfigurationName = Release;
		};
/* End XCConfigurationList section */
	};
	rootObject = 49B8F16E222CDBEC00FE6177 /* Project object */;
}
